
Microsoft Visual Studio Solution File, Format Version 12.00
# Visual Studio Version 17
VisualStudioVersion = 17.12.35728.132 d17.12
MinimumVisualStudioVersion = 10.0.40219.1
Project("{FAE04EC0-301F-11D3-BF4B-00C04F79EFBC}") = "SimpleEmployeeManagementApp", "SimpleEmployeeManagementApp.csproj", "{DE29DFBC-4EE2-4420-A88C-4F507CD05744}"
EndProject
Global
	GlobalSection(SolutionConfigurationPlatforms) = preSolution
		Debug|Any CPU = Debug|Any CPU
		Release|Any CPU = Release|Any CPU
	EndGlobalSection
	GlobalSection(ProjectConfigurationPlatforms) = postSolution
		{DE29DFBC-4EE2-4420-A88C-4F507CD05744}.Debug|Any CPU.ActiveCfg = Debug|Any CPU
		{DE29DFBC-4EE2-4420-A88C-4F507CD05744}.Debug|Any CPU.Build.0 = Debug|Any CPU
		{DE29DFBC-4EE2-4420-A88C-4F507CD05744}.Release|Any CPU.ActiveCfg = Release|Any CPU
		{DE29DFBC-4EE2-4420-A88C-4F507CD05744}.Release|Any CPU.Build.0 = Release|Any CPU
	EndGlobalSection
	GlobalSection(SolutionProperties) = preSolution
		HideSolutionNode = FALSE
	EndGlobalSection
EndGlobal
